
Microsoft Visual Studio Solution File, Format Version 12.00
# Visual Studio Version 16
VisualStudioVersion = 16.0.30114.105
MinimumVisualStudioVersion = 10.0.40219.1
Project("{9A19103F-16F7-4668-BE54-9A1E7A4F7556}") = "MutualFundsAPI", "MutualFundsAPI\MutualFundsAPI.csproj", "{E42F6ECF-1D39-45C9-A328-7FCD2D4C291A}"
EndProject
Project("{FAE04EC0-301F-11D3-BF4B-00C04F79EFBC}") = "MutualFundsAPI.Test", "MutualFundsAPI.Test\MutualFundsAPI.Test.csproj", "{C42D94F7-781B-464B-880E-3EC741420FF8}"
EndProject
Global
	GlobalSection(SolutionConfigurationPlatforms) = preSolution
		Debug|Any CPU = Debug|Any CPU
		Release|Any CPU = Release|Any CPU
	EndGlobalSection
	GlobalSection(ProjectConfigurationPlatforms) = postSolution
		{E42F6ECF-1D39-45C9-A328-7FCD2D4C291A}.Debug|Any CPU.ActiveCfg = Debug|Any CPU
		{E42F6ECF-1D39-45C9-A328-7FCD2D4C291A}.Debug|Any CPU.Build.0 = Debug|Any CPU
		{E42F6ECF-1D39-45C9-A328-7FCD2D4C291A}.Release|Any CPU.ActiveCfg = Release|Any CPU
		{E42F6ECF-1D39-45C9-A328-7FCD2D4C291A}.Release|Any CPU.Build.0 = Release|Any CPU
		{C42D94F7-781B-464B-880E-3EC741420FF8}.Debug|Any CPU.ActiveCfg = Debug|Any CPU
		{C42D94F7-781B-464B-880E-3EC741420FF8}.Debug|Any CPU.Build.0 = Debug|Any CPU
		{C42D94F7-781B-464B-880E-3EC741420FF8}.Release|Any CPU.ActiveCfg = Release|Any CPU
		{C42D94F7-781B-464B-880E-3EC741420FF8}.Release|Any CPU.Build.0 = Release|Any CPU
	EndGlobalSection
	GlobalSection(SolutionProperties) = preSolution
		HideSolutionNode = FALSE
	EndGlobalSection
	GlobalSection(ExtensibilityGlobals) = postSolution
		SolutionGuid = {3652397D-7A94-453B-AA89-58CE00F57F6F}
	EndGlobalSection
EndGlobal
